
Microsoft Visual Studio Solution File, Format Version 12.00
# Visual Studio Version 17
VisualStudioVersion = 17.7.34031.279
MinimumVisualStudioVersion = 10.0.40219.1
Project("{8BC9CEB8-8B4A-11D0-8D11-00A0C91BC942}") = "Bonobono", "bonobono\bonobono.vcxproj", "{FACEAB22-647B-484B-AC6D-88AEBBC83E53}"
EndProject
Project("{8BC9CEB8-8B4A-11D0-8D11-00A0C91BC942}") = "Ryan", "Ryan\Ryan.vcxproj", "{16D595F6-131A-4FB9-961E-CA1CA909694A}"
EndProject
Global
	GlobalSection(SolutionConfigurationPlatforms) = preSolution
		Debug|x64 = Debug|x64
		Debug|x86 = Debug|x86
		Release|x64 = Release|x64
		Release|x86 = Release|x86
	EndGlobalSection
	GlobalSection(ProjectConfigurationPlatforms) = postSolution
		{FACEAB22-647B-484B-AC6D-88AEBBC83E53}.Debug|x64.ActiveCfg = Debug|x64
		{FACEAB22-647B-484B-AC6D-88AEBBC83E53}.Debug|x64.Build.0 = Debug|x64
		{FACEAB22-647B-484B-AC6D-88AEBBC83E53}.Debug|x86.ActiveCfg = Debug|Win32
		{FACEAB22-647B-484B-AC6D-88AEBBC83E53}.Debug|x86.Build.0 = Debug|Win32
		{FACEAB22-647B-484B-AC6D-88AEBBC83E53}.Release|x64.ActiveCfg = Release|x64
		{FACEAB22-647B-484B-AC6D-88AEBBC83E53}.Release|x64.Build.0 = Release|x64
		{FACEAB22-647B-484B-AC6D-88AEBBC83E53}.Release|x86.ActiveCfg = Release|Win32
		{FACEAB22-647B-484B-AC6D-88AEBBC83E53}.Release|x86.Build.0 = Release|Win32
		{16D595F6-131A-4FB9-961E-CA1CA909694A}.Debug|x64.ActiveCfg = Debug|x64
		{16D595F6-131A-4FB9-961E-CA1CA909694A}.Debug|x64.Build.0 = Debug|x64
		{16D595F6-131A-4FB9-961E-CA1CA909694A}.Debug|x86.ActiveCfg = Debug|Win32
		{16D595F6-131A-4FB9-961E-CA1CA909694A}.Debug|x86.Build.0 = Debug|Win32
		{16D595F6-131A-4FB9-961E-CA1CA909694A}.Release|x64.ActiveCfg = Release|x64
		{16D595F6-131A-4FB9-961E-CA1CA909694A}.Release|x64.Build.0 = Release|x64
		{16D595F6-131A-4FB9-961E-CA1CA909694A}.Release|x86.ActiveCfg = Release|Win32
		{16D595F6-131A-4FB9-961E-CA1CA909694A}.Release|x86.Build.0 = Release|Win32
	EndGlobalSection
	GlobalSection(SolutionProperties) = preSolution
		HideSolutionNode = FALSE
	EndGlobalSection
	GlobalSection(ExtensibilityGlobals) = postSolution
		SolutionGuid = {28A294BC-855B-4FAA-A6D6-92993F5C1B1E}
	EndGlobalSection
EndGlobal
